
Microsoft Visual Studio Solution File, Format Version 12.00
# Visual Studio 15
VisualStudioVersion = 15.0.27703.2042
MinimumVisualStudioVersion = 10.0.40219.1
Project("{FAE04EC0-301F-11D3-BF4B-00C04F79EFBC}") = "NewFinanceApp.Android", "NewFinanceApp\NewFinanceApp.Android\NewFinanceApp.Android.csproj", "{6603A752-ABC7-4AA0-9A72-2CC246701BC3}"
EndProject
Project("{FAE04EC0-301F-11D3-BF4B-00C04F79EFBC}") = "NewFinanceApp.iOS", "NewFinanceApp\NewFinanceApp.iOS\NewFinanceApp.iOS.csproj", "{4AE25BED-3783-4C52-9D24-9D3878C247BD}"
EndProject
Project("{FAE04EC0-301F-11D3-BF4B-00C04F79EFBC}") = "NewFinanceApp.UWP", "NewFinanceApp\NewFinanceApp.UWP\NewFinanceApp.UWP.csproj", "{48ED0207-8D82-4A15-8C9D-4D2EAC014C13}"
EndProject
Project("{FAE04EC0-301F-11D3-BF4B-00C04F79EFBC}") = "NewFinanceApp", "NewFinanceApp\NewFinanceApp\NewFinanceApp.csproj", "{D503EF4A-185B-44D7-A6FE-3CCF96A0DDEF}"
EndProject
Global
	GlobalSection(SolutionConfigurationPlatforms) = preSolution
		Ad-Hoc|Any CPU = Ad-Hoc|Any CPU
		Ad-Hoc|ARM = Ad-Hoc|ARM
		Ad-Hoc|iPhone = Ad-Hoc|iPhone
		Ad-Hoc|iPhoneSimulator = Ad-Hoc|iPhoneSimulator
		Ad-Hoc|x64 = Ad-Hoc|x64
		Ad-Hoc|x86 = Ad-Hoc|x86
		AppStore|Any CPU = AppStore|Any CPU
		AppStore|ARM = AppStore|ARM
		AppStore|iPhone = AppStore|iPhone
		AppStore|iPhoneSimulator = AppStore|iPhoneSimulator
		AppStore|x64 = AppStore|x64
		AppStore|x86 = AppStore|x86
		Debug|Any CPU = Debug|Any CPU
		Debug|ARM = Debug|ARM
		Debug|iPhone = Debug|iPhone
		Debug|iPhoneSimulator = Debug|iPhoneSimulator
		Debug|x64 = Debug|x64
		Debug|x86 = Debug|x86
		Release|Any CPU = Release|Any CPU
		Release|ARM = Release|ARM
		Release|iPhone = Release|iPhone
		Release|iPhoneSimulator = Release|iPhoneSimulator
		Release|x64 = Release|x64
		Release|x86 = Release|x86
	EndGlobalSection
	GlobalSection(ProjectConfigurationPlatforms) = postSolution
		{6603A752-ABC7-4AA0-9A72-2CC246701BC3}.Ad-Hoc|Any CPU.ActiveCfg = Release|Any CPU
		{6603A752-ABC7-4AA0-9A72-2CC246701BC3}.Ad-Hoc|Any CPU.Build.0 = Release|Any CPU
		{6603A752-ABC7-4AA0-9A72-2CC246701BC3}.Ad-Hoc|Any CPU.Deploy.0 = Release|Any CPU
		{6603A752-ABC7-4AA0-9A72-2CC246701BC3}.Ad-Hoc|ARM.ActiveCfg = Release|Any CPU
		{6603A752-ABC7-4AA0-9A72-2CC246701BC3}.Ad-Hoc|ARM.Build.0 = Release|Any CPU
		{6603A752-ABC7-4AA0-9A72-2CC246701BC3}.Ad-Hoc|ARM.Deploy.0 = Release|Any CPU
		{6603A752-ABC7-4AA0-9A72-2CC246701BC3}.Ad-Hoc|iPhone.ActiveCfg = Release|Any CPU
		{6603A752-ABC7-4AA0-9A72-2CC246701BC3}.Ad-Hoc|iPhone.Build.0 = Release|Any CPU
		{6603A752-ABC7-4AA0-9A72-2CC246701BC3}.Ad-Hoc|iPhone.Deploy.0 = Release|Any CPU
		{6603A752-ABC7-4AA0-9A72-2CC246701BC3}.Ad-Hoc|iPhoneSimulator.ActiveCfg = Release|Any CPU
		{6603A752-ABC7-4AA0-9A72-2CC246701BC3}.Ad-Hoc|iPhoneSimulator.Build.0 = Release|Any CPU
		{6603A752-ABC7-4AA0-9A72-2CC246701BC3}.Ad-Hoc|iPhoneSimulator.Deploy.0 = Release|Any CPU
		{6603A752-ABC7-4AA0-9A72-2CC246701BC3}.Ad-Hoc|x64.ActiveCfg = Release|Any CPU
		{6603A752-ABC7-4AA0-9A72-2CC246701BC3}.Ad-Hoc|x64.Build.0 = Release|Any CPU
		{6603A752-ABC7-4AA0-9A72-2CC246701BC3}.Ad-Hoc|x64.Deploy.0 = Release|Any CPU
		{6603A752-ABC7-4AA0-9A72-2CC246701BC3}.Ad-Hoc|x86.ActiveCfg = Release|Any CPU
		{6603A752-ABC7-4AA0-9A72-2CC246701BC3}.Ad-Hoc|x86.Build.0 = Release|Any CPU
		{6603A752-ABC7-4AA0-9A72-2CC246701BC3}.Ad-Hoc|x86.Deploy.0 = Release|Any CPU
		{6603A752-ABC7-4AA0-9A72-2CC246701BC3}.AppStore|Any CPU.ActiveCfg = Release|Any CPU
		{6603A752-ABC7-4AA0-9A72-2CC246701BC3}.AppStore|Any CPU.Build.0 = Release|Any CPU
		{6603A752-ABC7-4AA0-9A72-2CC246701BC3}.AppStore|Any CPU.Deploy.0 = Release|Any CPU
		{6603A752-ABC7-4AA0-9A72-2CC246701BC3}.AppStore|ARM.ActiveCfg = Release|Any CPU
		{6603A752-ABC7-4AA0-9A72-2CC246701BC3}.AppStore|ARM.Build.0 = Release|Any CPU
		{6603A752-ABC7-4AA0-9A72-2CC246701BC3}.AppStore|ARM.Deploy.0 = Release|Any CPU
		{6603A752-ABC7-4AA0-9A72-2CC246701BC3}.AppStore|iPhone.ActiveCfg = Release|Any CPU
		{6603A752-ABC7-4AA0-9A72-2CC246701BC3}.AppStore|iPhone.Build.0 = Release|Any CPU
		{6603A752-ABC7-4AA0-9A72-2CC246701BC3}.AppStore|iPhone.Deploy.0 = Release|Any CPU
		{6603A752-ABC7-4AA0-9A72-2CC246701BC3}.AppStore|iPhoneSimulator.ActiveCfg = Release|Any CPU
		{6603A752-ABC7-4AA0-9A72-2CC246701BC3}.AppStore|iPhoneSimulator.Build.0 = Release|Any CPU
		{6603A752-ABC7-4AA0-9A72-2CC246701BC3}.AppStore|iPhoneSimulator.Deploy.0 = Release|Any CPU
		{6603A752-ABC7-4AA0-9A72-2CC246701BC3}.AppStore|x64.ActiveCfg = Release|Any CPU
		{6603A752-ABC7-4AA0-9A72-2CC246701BC3}.AppStore|x64.Build.0 = Release|Any CPU
		{6603A752-ABC7-4AA0-9A72-2CC246701BC3}.AppStore|x64.Deploy.0 = Release|Any CPU
		{6603A752-ABC7-4AA0-9A72-2CC246701BC3}.AppStore|x86.ActiveCfg = Release|Any CPU
		{6603A752-ABC7-4AA0-9A72-2CC246701BC3}.AppStore|x86.Build.0 = Release|Any CPU
		{6603A752-ABC7-4AA0-9A72-2CC246701BC3}.AppStore|x86.Deploy.0 = Release|Any CPU
		{6603A752-ABC7-4AA0-9A72-2CC246701BC3}.Debug|Any CPU.ActiveCfg = Debug|Any CPU
		{6603A752-ABC7-4AA0-9A72-2CC246701BC3}.Debug|Any CPU.Build.0 = Debug|Any CPU
		{6603A752-ABC7-4AA0-9A72-2CC246701BC3}.Debug|Any CPU.Deploy.0 = Debug|Any CPU
		{6603A752-ABC7-4AA0-9A72-2CC246701BC3}.Debug|ARM.ActiveCfg = Debug|Any CPU
		{6603A752-ABC7-4AA0-9A72-2CC246701BC3}.Debug|ARM.Build.0 = Debug|Any CPU
		{6603A752-ABC7-4AA0-9A72-2CC246701BC3}.Debug|ARM.Deploy.0 = Debug|Any CPU
		{6603A752-ABC7-4AA0-9A72-2CC246701BC3}.Debug|iPhone.ActiveCfg = Debug|Any CPU
		{6603A752-ABC7-4AA0-9A72-2CC246701BC3}.Debug|iPhone.Build.0 = Debug|Any CPU
		{6603A752-ABC7-4AA0-9A72-2CC246701BC3}.Debug|iPhone.Deploy.0 = Debug|Any CPU
		{6603A752-ABC7-4AA0-9A72-2CC246701BC3}.Debug|iPhoneSimulator.ActiveCfg = Debug|Any CPU
		{6603A752-ABC7-4AA0-9A72-2CC246701BC3}.Debug|iPhoneSimulator.Build.0 = Debug|Any CPU
		{6603A752-ABC7-4AA0-9A72-2CC246701BC3}.Debug|iPhoneSimulator.Deploy.0 = Debug|Any CPU
		{6603A752-ABC7-4AA0-9A72-2CC246701BC3}.Debug|x64.ActiveCfg = Debug|Any CPU
		{6603A752-ABC7-4AA0-9A72-2CC246701BC3}.Debug|x64.Build.0 = Debug|Any CPU
		{6603A752-ABC7-4AA0-9A72-2CC246701BC3}.Debug|x64.Deploy.0 = Debug|Any CPU
		{6603A752-ABC7-4AA0-9A72-2CC246701BC3}.Debug|x86.ActiveCfg = Debug|Any CPU
		{6603A752-ABC7-4AA0-9A72-2CC246701BC3}.Debug|x86.Build.0 = Debug|Any CPU
		{6603A752-ABC7-4AA0-9A72-2CC246701BC3}.Debug|x86.Deploy.0 = Debug|Any CPU
		{6603A752-ABC7-4AA0-9A72-2CC246701BC3}.Release|Any CPU.ActiveCfg = Release|Any CPU
		{6603A752-ABC7-4AA0-9A72-2CC246701BC3}.Release|Any CPU.Build.0 = Release|Any CPU
		{6603A752-ABC7-4AA0-9A72-2CC246701BC3}.Release|Any CPU.Deploy.0 = Release|Any CPU
		{6603A752-ABC7-4AA0-9A72-2CC246701BC3}.Release|ARM.ActiveCfg = Release|Any CPU
		{6603A752-ABC7-4AA0-9A72-2CC246701BC3}.Release|ARM.Build.0 = Release|Any CPU
		{6603A752-ABC7-4AA0-9A72-2CC246701BC3}.Release|ARM.Deploy.0 = Release|Any CPU
		{6603A752-ABC7-4AA0-9A72-2CC246701BC3}.Release|iPhone.ActiveCfg = Release|Any CPU
		{6603A752-ABC7-4AA0-9A72-2CC246701BC3}.Release|iPhone.Build.0 = Release|Any CPU
		{6603A752-ABC7-4AA0-9A72-2CC246701BC3}.Release|iPhone.Deploy.0 = Release|Any CPU
		{6603A752-ABC7-4AA0-9A72-2CC246701BC3}.Release|iPhoneSimulator.ActiveCfg = Release|Any CPU
		{6603A752-ABC7-4AA0-9A72-2CC246701BC3}.Release|iPhoneSimulator.Build.0 = Release|Any CPU
		{6603A752-ABC7-4AA0-9A72-2CC246701BC3}.Release|iPhoneSimulator.Deploy.0 = Release|Any CPU
		{6603A752-ABC7-4AA0-9A72-2CC246701BC3}.Release|x64.ActiveCfg = Release|Any CPU
		{6603A752-ABC7-4AA0-9A72-2CC246701BC3}.Release|x64.Build.0 = Release|Any CPU
		{6603A752-ABC7-4AA0-9A72-2CC246701BC3}.Release|x64.Deploy.0 = Release|Any CPU
		{6603A752-ABC7-4AA0-9A72-2CC246701BC3}.Release|x86.ActiveCfg = Release|Any CPU
		{6603A752-ABC7-4AA0-9A72-2CC246701BC3}.Release|x86.Build.0 = Release|Any CPU
		{6603A752-ABC7-4AA0-9A72-2CC246701BC3}.Release|x86.Deploy.0 = Release|Any CPU
		{4AE25BED-3783-4C52-9D24-9D3878C247BD}.Ad-Hoc|Any CPU.ActiveCfg = Ad-Hoc|iPhone
		{4AE25BED-3783-4C52-9D24-9D3878C247BD}.Ad-Hoc|Any CPU.Build.0 = Ad-Hoc|iPhone
		{4AE25BED-3783-4C52-9D24-9D3878C247BD}.Ad-Hoc|Any CPU.Deploy.0 = Ad-Hoc|iPhone
		{4AE25BED-3783-4C52-9D24-9D3878C247BD}.Ad-Hoc|ARM.ActiveCfg = Ad-Hoc|iPhone
		{4AE25BED-3783-4C52-9D24-9D3878C247BD}.Ad-Hoc|ARM.Build.0 = Ad-Hoc|iPhone
		{4AE25BED-3783-4C52-9D24-9D3878C247BD}.Ad-Hoc|ARM.Deploy.0 = Ad-Hoc|iPhone
		{4AE25BED-3783-4C52-9D24-9D3878C247BD}.Ad-Hoc|iPhone.ActiveCfg = Ad-Hoc|iPhone
		{4AE25BED-3783-4C52-9D24-9D3878C247BD}.Ad-Hoc|iPhone.Build.0 = Ad-Hoc|iPhone
		{4AE25BED-3783-4C52-9D24-9D3878C247BD}.Ad-Hoc|iPhone.Deploy.0 = Ad-Hoc|iPhone
		{4AE25BED-3783-4C52-9D24-9D3878C247BD}.Ad-Hoc|iPhoneSimulator.ActiveCfg = Ad-Hoc|iPhoneSimulator
		{4AE25BED-3783-4C52-9D24-9D3878C247BD}.Ad-Hoc|iPhoneSimulator.Build.0 = Ad-Hoc|iPhoneSimulator
		{4AE25BED-3783-4C52-9D24-9D3878C247BD}.Ad-Hoc|iPhoneSimulator.Deploy.0 = Ad-Hoc|iPhoneSimulator
		{4AE25BED-3783-4C52-9D24-9D3878C247BD}.Ad-Hoc|x64.ActiveCfg = Ad-Hoc|iPhone
		{4AE25BED-3783-4C52-9D24-9D3878C247BD}.Ad-Hoc|x64.Build.0 = Ad-Hoc|iPhone
		{4AE25BED-3783-4C52-9D24-9D3878C247BD}.Ad-Hoc|x64.Deploy.0 = Ad-Hoc|iPhone
		{4AE25BED-3783-4C52-9D24-9D3878C247BD}.Ad-Hoc|x86.ActiveCfg = Ad-Hoc|iPhone
		{4AE25BED-3783-4C52-9D24-9D3878C247BD}.Ad-Hoc|x86.Build.0 = Ad-Hoc|iPhone
		{4AE25BED-3783-4C52-9D24-9D3878C247BD}.Ad-Hoc|x86.Deploy.0 = Ad-Hoc|iPhone
		{4AE25BED-3783-4C52-9D24-9D3878C247BD}.AppStore|Any CPU.ActiveCfg = AppStore|iPhone
		{4AE25BED-3783-4C52-9D24-9D3878C247BD}.AppStore|Any CPU.Build.0 = AppStore|iPhone
		{4AE25BED-3783-4C52-9D24-9D3878C247BD}.AppStore|Any CPU.Deploy.0 = AppStore|iPhone
		{4AE25BED-3783-4C52-9D24-9D3878C247BD}.AppStore|ARM.ActiveCfg = AppStore|iPhone
		{4AE25BED-3783-4C52-9D24-9D3878C247BD}.AppStore|ARM.Build.0 = AppStore|iPhone
		{4AE25BED-3783-4C52-9D24-9D3878C247BD}.AppStore|ARM.Deploy.0 = AppStore|iPhone
		{4AE25BED-3783-4C52-9D24-9D3878C247BD}.AppStore|iPhone.ActiveCfg = AppStore|iPhone
		{4AE25BED-3783-4C52-9D24-9D3878C247BD}.AppStore|iPhone.Build.0 = AppStore|iPhone
		{4AE25BED-3783-4C52-9D24-9D3878C247BD}.AppStore|iPhone.Deploy.0 = AppStore|iPhone
		{4AE25BED-3783-4C52-9D24-9D3878C247BD}.AppStore|iPhoneSimulator.ActiveCfg = AppStore|iPhoneSimulator
		{4AE25BED-3783-4C52-9D24-9D3878C247BD}.AppStore|iPhoneSimulator.Build.0 = AppStore|iPhoneSimulator
		{4AE25BED-3783-4C52-9D24-9D3878C247BD}.AppStore|iPhoneSimulator.Deploy.0 = AppStore|iPhoneSimulator
		{4AE25BED-3783-4C52-9D24-9D3878C247BD}.AppStore|x64.ActiveCfg = AppStore|iPhone
		{4AE25BED-3783-4C52-9D24-9D3878C247BD}.AppStore|x64.Build.0 = AppStore|iPhone
		{4AE25BED-3783-4C52-9D24-9D3878C247BD}.AppStore|x64.Deploy.0 = AppStore|iPhone
		{4AE25BED-3783-4C52-9D24-9D3878C247BD}.AppStore|x86.ActiveCfg = AppStore|iPhone
		{4AE25BED-3783-4C52-9D24-9D3878C247BD}.AppStore|x86.Build.0 = AppStore|iPhone
		{4AE25BED-3783-4C52-9D24-9D3878C247BD}.AppStore|x86.Deploy.0 = AppStore|iPhone
		{4AE25BED-3783-4C52-9D24-9D3878C247BD}.Debug|Any CPU.ActiveCfg = Debug|iPhoneSimulator
		{4AE25BED-3783-4C52-9D24-9D3878C247BD}.Debug|Any CPU.Build.0 = Debug|iPhoneSimulator
		{4AE25BED-3783-4C52-9D24-9D3878C247BD}.Debug|Any CPU.Deploy.0 = Debug|iPhoneSimulator
		{4AE25BED-3783-4C52-9D24-9D3878C247BD}.Debug|ARM.ActiveCfg = Debug|iPhone
		{4AE25BED-3783-4C52-9D24-9D3878C247BD}.Debug|ARM.Build.0 = Debug|iPhone
		{4AE25BED-3783-4C52-9D24-9D3878C247BD}.Debug|ARM.Deploy.0 = Debug|iPhone
		{4AE25BED-3783-4C52-9D24-9D3878C247BD}.Debug|iPhone.ActiveCfg = Debug|iPhone
		{4AE25BED-3783-4C52-9D24-9D3878C247BD}.Debug|iPhone.Build.0 = Debug|iPhone
		{4AE25BED-3783-4C52-9D24-9D3878C247BD}.Debug|iPhone.Deploy.0 = Debug|iPhone
		{4AE25BED-3783-4C52-9D24-9D3878C247BD}.Debug|iPhoneSimulator.ActiveCfg = Debug|iPhoneSimulator
		{4AE25BED-3783-4C52-9D24-9D3878C247BD}.Debug|iPhoneSimulator.Build.0 = Debug|iPhoneSimulator
		{4AE25BED-3783-4C52-9D24-9D3878C247BD}.Debug|iPhoneSimulator.Deploy.0 = Debug|iPhoneSimulator
		{4AE25BED-3783-4C52-9D24-9D3878C247BD}.Debug|x64.ActiveCfg = Debug|iPhone
		{4AE25BED-3783-4C52-9D24-9D3878C247BD}.Debug|x64.Build.0 = Debug|iPhone
		{4AE25BED-3783-4C52-9D24-9D3878C247BD}.Debug|x64.Deploy.0 = Debug|iPhone
		{4AE25BED-3783-4C52-9D24-9D3878C247BD}.Debug|x86.ActiveCfg = Debug|iPhone
		{4AE25BED-3783-4C52-9D24-9D3878C247BD}.Debug|x86.Build.0 = Debug|iPhone
		{4AE25BED-3783-4C52-9D24-9D3878C247BD}.Debug|x86.Deploy.0 = Debug|iPhone
		{4AE25BED-3783-4C52-9D24-9D3878C247BD}.Release|Any CPU.ActiveCfg = Release|iPhone
		{4AE25BED-3783-4C52-9D24-9D3878C247BD}.Release|Any CPU.Build.0 = Release|iPhone
		{4AE25BED-3783-4C52-9D24-9D3878C247BD}.Release|Any CPU.Deploy.0 = Release|iPhone
		{4AE25BED-3783-4C52-9D24-9D3878C247BD}.Release|ARM.ActiveCfg = Release|iPhone
		{4AE25BED-3783-4C52-9D24-9D3878C247BD}.Release|ARM.Build.0 = Release|iPhone
		{4AE25BED-3783-4C52-9D24-9D3878C247BD}.Release|ARM.Deploy.0 = Release|iPhone
		{4AE25BED-3783-4C52-9D24-9D3878C247BD}.Release|iPhone.ActiveCfg = Release|iPhone
		{4AE25BED-3783-4C52-9D24-9D3878C247BD}.Release|iPhone.Build.0 = Release|iPhone
		{4AE25BED-3783-4C52-9D24-9D3878C247BD}.Release|iPhone.Deploy.0 = Release|iPhone
		{4AE25BED-3783-4C52-9D24-9D3878C247BD}.Release|iPhoneSimulator.ActiveCfg = Release|iPhoneSimulator
		{4AE25BED-3783-4C52-9D24-9D3878C247BD}.Release|iPhoneSimulator.Build.0 = Release|iPhoneSimulator
		{4AE25BED-3783-4C52-9D24-9D3878C247BD}.Release|iPhoneSimulator.Deploy.0 = Release|iPhoneSimulator
		{4AE25BED-3783-4C52-9D24-9D3878C247BD}.Release|x64.ActiveCfg = Release|iPhone
		{4AE25BED-3783-4C52-9D24-9D3878C247BD}.Release|x64.Build.0 = Release|iPhone
		{4AE25BED-3783-4C52-9D24-9D3878C247BD}.Release|x64.Deploy.0 = Release|iPhone
		{4AE25BED-3783-4C52-9D24-9D3878C247BD}.Release|x86.ActiveCfg = Release|iPhone
		{4AE25BED-3783-4C52-9D24-9D3878C247BD}.Release|x86.Build.0 = Release|iPhone
		{4AE25BED-3783-4C52-9D24-9D3878C247BD}.Release|x86.Deploy.0 = Release|iPhone
		{48ED0207-8D82-4A15-8C9D-4D2EAC014C13}.Ad-Hoc|Any CPU.ActiveCfg = Release|x86
		{48ED0207-8D82-4A15-8C9D-4D2EAC014C13}.Ad-Hoc|Any CPU.Build.0 = Release|x86
		{48ED0207-8D82-4A15-8C9D-4D2EAC014C13}.Ad-Hoc|Any CPU.Deploy.0 = Release|x86
		{48ED0207-8D82-4A15-8C9D-4D2EAC014C13}.Ad-Hoc|ARM.ActiveCfg = Release|ARM
		{48ED0207-8D82-4A15-8C9D-4D2EAC014C13}.Ad-Hoc|ARM.Build.0 = Release|ARM
		{48ED0207-8D82-4A15-8C9D-4D2EAC014C13}.Ad-Hoc|ARM.Deploy.0 = Release|ARM
		{48ED0207-8D82-4A15-8C9D-4D2EAC014C13}.Ad-Hoc|iPhone.ActiveCfg = Release|x86
		{48ED0207-8D82-4A15-8C9D-4D2EAC014C13}.Ad-Hoc|iPhone.Build.0 = Release|x86
		{48ED0207-8D82-4A15-8C9D-4D2EAC014C13}.Ad-Hoc|iPhone.Deploy.0 = Release|x86
		{48ED0207-8D82-4A15-8C9D-4D2EAC014C13}.Ad-Hoc|iPhoneSimulator.ActiveCfg = Release|x86
		{48ED0207-8D82-4A15-8C9D-4D2EAC014C13}.Ad-Hoc|iPhoneSimulator.Build.0 = Release|x86
		{48ED0207-8D82-4A15-8C9D-4D2EAC014C13}.Ad-Hoc|iPhoneSimulator.Deploy.0 = Release|x86
		{48ED0207-8D82-4A15-8C9D-4D2EAC014C13}.Ad-Hoc|x64.ActiveCfg = Release|x64
		{48ED0207-8D82-4A15-8C9D-4D2EAC014C13}.Ad-Hoc|x64.Build.0 = Release|x64
		{48ED0207-8D82-4A15-8C9D-4D2EAC014C13}.Ad-Hoc|x64.Deploy.0 = Release|x64
		{48ED0207-8D82-4A15-8C9D-4D2EAC014C13}.Ad-Hoc|x86.ActiveCfg = Release|x86
		{48ED0207-8D82-4A15-8C9D-4D2EAC014C13}.Ad-Hoc|x86.Build.0 = Release|x86
		{48ED0207-8D82-4A15-8C9D-4D2EAC014C13}.Ad-Hoc|x86.Deploy.0 = Release|x86
		{48ED0207-8D82-4A15-8C9D-4D2EAC014C13}.AppStore|Any CPU.ActiveCfg = Release|x86
		{48ED0207-8D82-4A15-8C9D-4D2EAC014C13}.AppStore|Any CPU.Build.0 = Release|x86
		{48ED0207-8D82-4A15-8C9D-4D2EAC014C13}.AppStore|Any CPU.Deploy.0 = Release|x86
		{48ED0207-8D82-4A15-8C9D-4D2EAC014C13}.AppStore|ARM.ActiveCfg = Release|ARM
		{48ED0207-8D82-4A15-8C9D-4D2EAC014C13}.AppStore|ARM.Build.0 = Release|ARM
		{48ED0207-8D82-4A15-8C9D-4D2EAC014C13}.AppStore|ARM.Deploy.0 = Release|ARM
		{48ED0207-8D82-4A15-8C9D-4D2EAC014C13}.AppStore|iPhone.ActiveCfg = Release|x86
		{48ED0207-8D82-4A15-8C9D-4D2EAC014C13}.AppStore|iPhone.Build.0 = Release|x86
		{48ED0207-8D82-4A15-8C9D-4D2EAC014C13}.AppStore|iPhone.Deploy.0 = Release|x86
		{48ED0207-8D82-4A15-8C9D-4D2EAC014C13}.AppStore|iPhoneSimulator.ActiveCfg = Release|x86
		{48ED0207-8D82-4A15-8C9D-4D2EAC014C13}.AppStore|iPhoneSimulator.Build.0 = Release|x86
		{48ED0207-8D82-4A15-8C9D-4D2EAC014C13}.AppStore|iPhoneSimulator.Deploy.0 = Release|x86
		{48ED0207-8D82-4A15-8C9D-4D2EAC014C13}.AppStore|x64.ActiveCfg = Release|x64
		{48ED0207-8D82-4A15-8C9D-4D2EAC014C13}.AppStore|x64.Build.0 = Release|x64
		{48ED0207-8D82-4A15-8C9D-4D2EAC014C13}.AppStore|x64.Deploy.0 = Release|x64
		{48ED0207-8D82-4A15-8C9D-4D2EAC014C13}.AppStore|x86.ActiveCfg = Release|x86
		{48ED0207-8D82-4A15-8C9D-4D2EAC014C13}.AppStore|x86.Build.0 = Release|x86
		{48ED0207-8D82-4A15-8C9D-4D2EAC014C13}.AppStore|x86.Deploy.0 = Release|x86
		{48ED0207-8D82-4A15-8C9D-4D2EAC014C13}.Debug|Any CPU.ActiveCfg = Debug|x86
		{48ED0207-8D82-4A15-8C9D-4D2EAC014C13}.Debug|Any CPU.Build.0 = Debug|x86
		{48ED0207-8D82-4A15-8C9D-4D2EAC014C13}.Debug|Any CPU.Deploy.0 = Debug|x86
		{48ED0207-8D82-4A15-8C9D-4D2EAC014C13}.Debug|ARM.ActiveCfg = Debug|ARM
		{48ED0207-8D82-4A15-8C9D-4D2EAC014C13}.Debug|ARM.Build.0 = Debug|ARM
		{48ED0207-8D82-4A15-8C9D-4D2EAC014C13}.Debug|ARM.Deploy.0 = Debug|ARM
		{48ED0207-8D82-4A15-8C9D-4D2EAC014C13}.Debug|iPhone.ActiveCfg = Debug|x86
		{48ED0207-8D82-4A15-8C9D-4D2EAC014C13}.Debug|iPhone.Build.0 = Debug|x86
		{48ED0207-8D82-4A15-8C9D-4D2EAC014C13}.Debug|iPhone.Deploy.0 = Debug|x86
		{48ED0207-8D82-4A15-8C9D-4D2EAC014C13}.Debug|iPhoneSimulator.ActiveCfg = Debug|x86
		{48ED0207-8D82-4A15-8C9D-4D2EAC014C13}.Debug|iPhoneSimulator.Build.0 = Debug|x86
		{48ED0207-8D82-4A15-8C9D-4D2EAC014C13}.Debug|iPhoneSimulator.Deploy.0 = Debug|x86
		{48ED0207-8D82-4A15-8C9D-4D2EAC014C13}.Debug|x64.ActiveCfg = Debug|x64
		{48ED0207-8D82-4A15-8C9D-4D2EAC014C13}.Debug|x64.Build.0 = Debug|x64
		{48ED0207-8D82-4A15-8C9D-4D2EAC014C13}.Debug|x64.Deploy.0 = Debug|x64
		{48ED0207-8D82-4A15-8C9D-4D2EAC014C13}.Debug|x86.ActiveCfg = Debug|x86
		{48ED0207-8D82-4A15-8C9D-4D2EAC014C13}.Debug|x86.Build.0 = Debug|x86
		{48ED0207-8D82-4A15-8C9D-4D2EAC014C13}.Debug|x86.Deploy.0 = Debug|x86
		{48ED0207-8D82-4A15-8C9D-4D2EAC014C13}.Release|Any CPU.ActiveCfg = Release|x86
		{48ED0207-8D82-4A15-8C9D-4D2EAC014C13}.Release|Any CPU.Build.0 = Release|x86
		{48ED0207-8D82-4A15-8C9D-4D2EAC014C13}.Release|Any CPU.Deploy.0 = Release|x86
		{48ED0207-8D82-4A15-8C9D-4D2EAC014C13}.Release|ARM.ActiveCfg = Release|ARM
		{48ED0207-8D82-4A15-8C9D-4D2EAC014C13}.Release|ARM.Build.0 = Release|ARM
		{48ED0207-8D82-4A15-8C9D-4D2EAC014C13}.Release|ARM.Deploy.0 = Release|ARM
		{48ED0207-8D82-4A15-8C9D-4D2EAC014C13}.Release|iPhone.ActiveCfg = Release|x86
		{48ED0207-8D82-4A15-8C9D-4D2EAC014C13}.Release|iPhone.Build.0 = Release|x86
		{48ED0207-8D82-4A15-8C9D-4D2EAC014C13}.Release|iPhone.Deploy.0 = Release|x86
		{48ED0207-8D82-4A15-8C9D-4D2EAC014C13}.Release|iPhoneSimulator.ActiveCfg = Release|x86
		{48ED0207-8D82-4A15-8C9D-4D2EAC014C13}.Release|iPhoneSimulator.Build.0 = Release|x86
		{48ED0207-8D82-4A15-8C9D-4D2EAC014C13}.Release|iPhoneSimulator.Deploy.0 = Release|x86
		{48ED0207-8D82-4A15-8C9D-4D2EAC014C13}.Release|x64.ActiveCfg = Release|x64
		{48ED0207-8D82-4A15-8C9D-4D2EAC014C13}.Release|x64.Build.0 = Release|x64
		{48ED0207-8D82-4A15-8C9D-4D2EAC014C13}.Release|x64.Deploy.0 = Release|x64
		{48ED0207-8D82-4A15-8C9D-4D2EAC014C13}.Release|x86.ActiveCfg = Release|x86
		{48ED0207-8D82-4A15-8C9D-4D2EAC014C13}.Release|x86.Build.0 = Release|x86
		{48ED0207-8D82-4A15-8C9D-4D2EAC014C13}.Release|x86.Deploy.0 = Release|x86
		{D503EF4A-185B-44D7-A6FE-3CCF96A0DDEF}.Ad-Hoc|Any CPU.ActiveCfg = Debug|Any CPU
		{D503EF4A-185B-44D7-A6FE-3CCF96A0DDEF}.Ad-Hoc|Any CPU.Build.0 = Debug|Any CPU
		{D503EF4A-185B-44D7-A6FE-3CCF96A0DDEF}.Ad-Hoc|Any CPU.Deploy.0 = Debug|Any CPU
		{D503EF4A-185B-44D7-A6FE-3CCF96A0DDEF}.Ad-Hoc|ARM.ActiveCfg = Debug|Any CPU
		{D503EF4A-185B-44D7-A6FE-3CCF96A0DDEF}.Ad-Hoc|ARM.Build.0 = Debug|Any CPU
		{D503EF4A-185B-44D7-A6FE-3CCF96A0DDEF}.Ad-Hoc|ARM.Deploy.0 = Debug|Any CPU
		{D503EF4A-185B-44D7-A6FE-3CCF96A0DDEF}.Ad-Hoc|iPhone.ActiveCfg = Debug|Any CPU
		{D503EF4A-185B-44D7-A6FE-3CCF96A0DDEF}.Ad-Hoc|iPhone.Build.0 = Debug|Any CPU
		{D503EF4A-185B-44D7-A6FE-3CCF96A0DDEF}.Ad-Hoc|iPhone.Deploy.0 = Debug|Any CPU
		{D503EF4A-185B-44D7-A6FE-3CCF96A0DDEF}.Ad-Hoc|iPhoneSimulator.ActiveCfg = Debug|Any CPU
		{D503EF4A-185B-44D7-A6FE-3CCF96A0DDEF}.Ad-Hoc|iPhoneSimulator.Build.0 = Debug|Any CPU
		{D503EF4A-185B-44D7-A6FE-3CCF96A0DDEF}.Ad-Hoc|iPhoneSimulator.Deploy.0 = Debug|Any CPU
		{D503EF4A-185B-44D7-A6FE-3CCF96A0DDEF}.Ad-Hoc|x64.ActiveCfg = Debug|Any CPU
		{D503EF4A-185B-44D7-A6FE-3CCF96A0DDEF}.Ad-Hoc|x64.Build.0 = Debug|Any CPU
		{D503EF4A-185B-44D7-A6FE-3CCF96A0DDEF}.Ad-Hoc|x64.Deploy.0 = Debug|Any CPU
		{D503EF4A-185B-44D7-A6FE-3CCF96A0DDEF}.Ad-Hoc|x86.ActiveCfg = Debug|Any CPU
		{D503EF4A-185B-44D7-A6FE-3CCF96A0DDEF}.Ad-Hoc|x86.Build.0 = Debug|Any CPU
		{D503EF4A-185B-44D7-A6FE-3CCF96A0DDEF}.Ad-Hoc|x86.Deploy.0 = Debug|Any CPU
		{D503EF4A-185B-44D7-A6FE-3CCF96A0DDEF}.AppStore|Any CPU.ActiveCfg = Debug|Any CPU
		{D503EF4A-185B-44D7-A6FE-3CCF96A0DDEF}.AppStore|Any CPU.Build.0 = Debug|Any CPU
		{D503EF4A-185B-44D7-A6FE-3CCF96A0DDEF}.AppStore|Any CPU.Deploy.0 = Debug|Any CPU
		{D503EF4A-185B-44D7-A6FE-3CCF96A0DDEF}.AppStore|ARM.ActiveCfg = Debug|Any CPU
		{D503EF4A-185B-44D7-A6FE-3CCF96A0DDEF}.AppStore|ARM.Build.0 = Debug|Any CPU
		{D503EF4A-185B-44D7-A6FE-3CCF96A0DDEF}.AppStore|ARM.Deploy.0 = Debug|Any CPU
		{D503EF4A-185B-44D7-A6FE-3CCF96A0DDEF}.AppStore|iPhone.ActiveCfg = Debug|Any CPU
		{D503EF4A-185B-44D7-A6FE-3CCF96A0DDEF}.AppStore|iPhone.Build.0 = Debug|Any CPU
		{D503EF4A-185B-44D7-A6FE-3CCF96A0DDEF}.AppStore|iPhone.Deploy.0 = Debug|Any CPU
		{D503EF4A-185B-44D7-A6FE-3CCF96A0DDEF}.AppStore|iPhoneSimulator.ActiveCfg = Debug|Any CPU
		{D503EF4A-185B-44D7-A6FE-3CCF96A0DDEF}.AppStore|iPhoneSimulator.Build.0 = Debug|Any CPU
		{D503EF4A-185B-44D7-A6FE-3CCF96A0DDEF}.AppStore|iPhoneSimulator.Deploy.0 = Debug|Any CPU
		{D503EF4A-185B-44D7-A6FE-3CCF96A0DDEF}.AppStore|x64.ActiveCfg = Debug|Any CPU
		{D503EF4A-185B-44D7-A6FE-3CCF96A0DDEF}.AppStore|x64.Build.0 = Debug|Any CPU
		{D503EF4A-185B-44D7-A6FE-3CCF96A0DDEF}.AppStore|x64.Deploy.0 = Debug|Any CPU
		{D503EF4A-185B-44D7-A6FE-3CCF96A0DDEF}.AppStore|x86.ActiveCfg = Debug|Any CPU
		{D503EF4A-185B-44D7-A6FE-3CCF96A0DDEF}.AppStore|x86.Build.0 = Debug|Any CPU
		{D503EF4A-185B-44D7-A6FE-3CCF96A0DDEF}.AppStore|x86.Deploy.0 = Debug|Any CPU
		{D503EF4A-185B-44D7-A6FE-3CCF96A0DDEF}.Debug|Any CPU.ActiveCfg = Debug|Any CPU
		{D503EF4A-185B-44D7-A6FE-3CCF96A0DDEF}.Debug|Any CPU.Build.0 = Debug|Any CPU
		{D503EF4A-185B-44D7-A6FE-3CCF96A0DDEF}.Debug|Any CPU.Deploy.0 = Debug|Any CPU
		{D503EF4A-185B-44D7-A6FE-3CCF96A0DDEF}.Debug|ARM.ActiveCfg = Debug|Any CPU
		{D503EF4A-185B-44D7-A6FE-3CCF96A0DDEF}.Debug|ARM.Build.0 = Debug|Any CPU
		{D503EF4A-185B-44D7-A6FE-3CCF96A0DDEF}.Debug|ARM.Deploy.0 = Debug|Any CPU
		{D503EF4A-185B-44D7-A6FE-3CCF96A0DDEF}.Debug|iPhone.ActiveCfg = Debug|Any CPU
		{D503EF4A-185B-44D7-A6FE-3CCF96A0DDEF}.Debug|iPhone.Build.0 = Debug|Any CPU
		{D503EF4A-185B-44D7-A6FE-3CCF96A0DDEF}.Debug|iPhone.Deploy.0 = Debug|Any CPU
		{D503EF4A-185B-44D7-A6FE-3CCF96A0DDEF}.Debug|iPhoneSimulator.ActiveCfg = Debug|Any CPU
		{D503EF4A-185B-44D7-A6FE-3CCF96A0DDEF}.Debug|iPhoneSimulator.Build.0 = Debug|Any CPU
		{D503EF4A-185B-44D7-A6FE-3CCF96A0DDEF}.Debug|iPhoneSimulator.Deploy.0 = Debug|Any CPU
		{D503EF4A-185B-44D7-A6FE-3CCF96A0DDEF}.Debug|x64.ActiveCfg = Debug|Any CPU
		{D503EF4A-185B-44D7-A6FE-3CCF96A0DDEF}.Debug|x64.Build.0 = Debug|Any CPU
		{D503EF4A-185B-44D7-A6FE-3CCF96A0DDEF}.Debug|x64.Deploy.0 = Debug|Any CPU
		{D503EF4A-185B-44D7-A6FE-3CCF96A0DDEF}.Debug|x86.ActiveCfg = Debug|Any CPU
		{D503EF4A-185B-44D7-A6FE-3CCF96A0DDEF}.Debug|x86.Build.0 = Debug|Any CPU
		{D503EF4A-185B-44D7-A6FE-3CCF96A0DDEF}.Debug|x86.Deploy.0 = Debug|Any CPU
		{D503EF4A-185B-44D7-A6FE-3CCF96A0DDEF}.Release|Any CPU.ActiveCfg = Release|Any CPU
		{D503EF4A-185B-44D7-A6FE-3CCF96A0DDEF}.Release|Any CPU.Build.0 = Release|Any CPU
		{D503EF4A-185B-44D7-A6FE-3CCF96A0DDEF}.Release|Any CPU.Deploy.0 = Release|Any CPU
		{D503EF4A-185B-44D7-A6FE-3CCF96A0DDEF}.Release|ARM.ActiveCfg = Release|Any CPU
		{D503EF4A-185B-44D7-A6FE-3CCF96A0DDEF}.Release|ARM.Build.0 = Release|Any CPU
		{D503EF4A-185B-44D7-A6FE-3CCF96A0DDEF}.Release|ARM.Deploy.0 = Release|Any CPU
		{D503EF4A-185B-44D7-A6FE-3CCF96A0DDEF}.Release|iPhone.ActiveCfg = Release|Any CPU
		{D503EF4A-185B-44D7-A6FE-3CCF96A0DDEF}.Release|iPhone.Build.0 = Release|Any CPU
		{D503EF4A-185B-44D7-A6FE-3CCF96A0DDEF}.Release|iPhone.Deploy.0 = Release|Any CPU
		{D503EF4A-185B-44D7-A6FE-3CCF96A0DDEF}.Release|iPhoneSimulator.ActiveCfg = Release|Any CPU
		{D503EF4A-185B-44D7-A6FE-3CCF96A0DDEF}.Release|iPhoneSimulator.Build.0 = Release|Any CPU
		{D503EF4A-185B-44D7-A6FE-3CCF96A0DDEF}.Release|iPhoneSimulator.Deploy.0 = Release|Any CPU
		{D503EF4A-185B-44D7-A6FE-3CCF96A0DDEF}.Release|x64.ActiveCfg = Release|Any CPU
		{D503EF4A-185B-44D7-A6FE-3CCF96A0DDEF}.Release|x64.Build.0 = Release|Any CPU
		{D503EF4A-185B-44D7-A6FE-3CCF96A0DDEF}.Release|x64.Deploy.0 = Release|Any CPU
		{D503EF4A-185B-44D7-A6FE-3CCF96A0DDEF}.Release|x86.ActiveCfg = Release|Any CPU
		{D503EF4A-185B-44D7-A6FE-3CCF96A0DDEF}.Release|x86.Build.0 = Release|Any CPU
		{D503EF4A-185B-44D7-A6FE-3CCF96A0DDEF}.Release|x86.Deploy.0 = Release|Any CPU
	EndGlobalSection
	GlobalSection(SolutionProperties) = preSolution
		HideSolutionNode = FALSE
	EndGlobalSection
	GlobalSection(ExtensibilityGlobals) = postSolution
		SolutionGuid = {3ADA4FB2-BAF9-4975-95D9-A2A2871A365F}
	EndGlobalSection
EndGlobal
